{
  "name": "interns",
  "version": "1.0.0",
  "lockfileVersion": 1,
  "requires": true,
  "dependencies": {
    "argparse": {
      "version": "https://registry.npmjs.org/argparse/-/argparse-1.0.4.tgz",
      "integrity": "sha1-KxIke5MwAZca3cv+TmfSD9OVu/Q=",
      "dev": true,
      "requires": {
        "lodash": "https://registry.npmjs.org/lodash/-/lodash-4.1.0.tgz",
        "sprintf-js": "https://registry.npmjs.org/sprintf-js/-/sprintf-js-1.0.3.tgz"
      }
    },
    "autosize": {
      "version": "3.0.15",
      "resolved": "https://registry.npmjs.org/autosize/-/autosize-3.0.15.tgz",
      "integrity": "sha1-in43+vpfQqP0+PEVOn+15jHoyrU=",
      "dev": true
    },
    "entities": {
      "version": "https://registry.npmjs.org/entities/-/entities-1.1.1.tgz",
      "integrity": "sha1-blwtClYhtdra7O+AuQ7ftc13cvA=",
      "dev": true
    },
    "highlight.js": {
      "version": "9.1.0",
      "resolved": "https://registry.npmjs.org/highlight.js/-/highlight.js-9.1.0.tgz",
      "integrity": "sha1-65TBJfUrvSXciTVRtFw3xQk/HFw=",
      "dev": true
    },
    "linkify-it": {
      "version": "https://registry.npmjs.org/linkify-it/-/linkify-it-1.2.0.tgz",
      "integrity": "sha1-/XECHPs9yhwo/gk4XvXBC76tggY=",
      "dev": true,
      "requires": {
        "uc.micro": "https://registry.npmjs.org/uc.micro/-/uc.micro-1.0.0.tgz"
      }
    },
    "lodash": {
      "version": "https://registry.npmjs.org/lodash/-/lodash-4.1.0.tgz",
      "integrity": "sha1-KZiUKD3gGp7vvt/0xLmwCmoubpY=",
      "dev": true
    },
    "markdown-it": {
      "version": "https://registry.npmjs.org/markdown-it/-/markdown-it-5.1.0.tgz",
      "integrity": "sha1-JShrhGW6xJbz8bd+7VRGQ+m9cY0=",
      "dev": true,
      "requires": {
        "argparse": "https://registry.npmjs.org/argparse/-/argparse-1.0.4.tgz",
        "entities": "https://registry.npmjs.org/entities/-/entities-1.1.1.tgz",
        "linkify-it": "https://registry.npmjs.org/linkify-it/-/linkify-it-1.2.0.tgz",
        "mdurl": "https://registry.npmjs.org/mdurl/-/mdurl-1.0.1.tgz",
        "uc.micro": "https://registry.npmjs.org/uc.micro/-/uc.micro-1.0.0.tgz"
      }
    },
    "markdown-it-checkbox": {
      "version": "https://registry.npmjs.org/markdown-it-checkbox/-/markdown-it-checkbox-1.1.0.tgz",
      "integrity": "sha1-IM/5fzPXfRcvnc8bz8ks7MUzD6w=",
      "dev": true,
      "requires": {
        "underscore": "https://registry.npmjs.org/underscore/-/underscore-1.8.3.tgz"
      }
    },
    "markdown-it-emoji": {
      "version": "1.4.0",
      "resolved": "https://registry.npmjs.org/markdown-it-emoji/-/markdown-it-emoji-1.4.0.tgz",
      "integrity": "sha1-m+4OmpkKljupbfaYDE/dsF37Tcw=",
      "dev": true
    },
    "mdurl": {
      "version": "https://registry.npmjs.org/mdurl/-/mdurl-1.0.1.tgz",
      "integrity": "sha1-/oWy7HWlkDfyrf7BAP1sYBdhFS4=",
      "dev": true
    },
    "pygments-css": {
      "version": "1.0.0",
      "resolved": "https://registry.npmjs.org/pygments-css/-/pygments-css-1.0.0.tgz",
      "integrity": "sha1-2TqrylH6ce/2sit7kDoJ9IgQsA0=",
      "dev": true
    },
    "sprintf-js": {
      "version": "https://registry.npmjs.org/sprintf-js/-/sprintf-js-1.0.3.tgz",
      "integrity": "sha1-BOaSb2YolTVPPdAVIDYzuFcpfiw=",
      "dev": true
    },
    "uc.micro": {
      "version": "https://registry.npmjs.org/uc.micro/-/uc.micro-1.0.0.tgz",
      "integrity": "sha1-TFpt7pQbUVpb1c9dBbEh4OScX7c=",
      "dev": true
    },
    "underscore": {
      "version": "https://registry.npmjs.org/underscore/-/underscore-1.8.3.tgz",
      "integrity": "sha1-Tz+1OxBuYJf8+ctBCfKl6b36UCI=",
      "dev": true
    }
  }
}
